
Microsoft Visual Studio Solution File, Format Version 12.00
# Visual Studio 15
VisualStudioVersion = 15.0.28010.2036
MinimumVisualStudioVersion = 10.0.40219.1
Project("{FAE04EC0-301F-11D3-BF4B-00C04F79EFBC}") = "RentraxFramework", "RentraxAutomation\RentraxFramework.csproj", "{FD510B28-A808-4D17-A750-4090806E2D2E}"
EndProject
Project("{FAE04EC0-301F-11D3-BF4B-00C04F79EFBC}") = "LoginTests", "LoginTests\LoginTests.csproj", "{E46A918B-AB33-4207-8F06-C48E73ECE139}"
EndProject
Project("{FAE04EC0-301F-11D3-BF4B-00C04F79EFBC}") = "Place_an_order", "Place_an_order\Place_an_order.csproj", "{20B894C9-CB40-42BC-A519-85D811E4BDD2}"
EndProject
Global
	GlobalSection(SolutionConfigurationPlatforms) = preSolution
		Debug|Any CPU = Debug|Any CPU
		Release|Any CPU = Release|Any CPU
	EndGlobalSection
	GlobalSection(ProjectConfigurationPlatforms) = postSolution
		{FD510B28-A808-4D17-A750-4090806E2D2E}.Debug|Any CPU.ActiveCfg = Debug|Any CPU
		{FD510B28-A808-4D17-A750-4090806E2D2E}.Debug|Any CPU.Build.0 = Debug|Any CPU
		{FD510B28-A808-4D17-A750-4090806E2D2E}.Release|Any CPU.ActiveCfg = Release|Any CPU
		{FD510B28-A808-4D17-A750-4090806E2D2E}.Release|Any CPU.Build.0 = Release|Any CPU
		{E46A918B-AB33-4207-8F06-C48E73ECE139}.Debug|Any CPU.ActiveCfg = Debug|Any CPU
		{E46A918B-AB33-4207-8F06-C48E73ECE139}.Debug|Any CPU.Build.0 = Debug|Any CPU
		{E46A918B-AB33-4207-8F06-C48E73ECE139}.Release|Any CPU.ActiveCfg = Release|Any CPU
		{E46A918B-AB33-4207-8F06-C48E73ECE139}.Release|Any CPU.Build.0 = Release|Any CPU
		{20B894C9-CB40-42BC-A519-85D811E4BDD2}.Debug|Any CPU.ActiveCfg = Debug|Any CPU
		{20B894C9-CB40-42BC-A519-85D811E4BDD2}.Debug|Any CPU.Build.0 = Debug|Any CPU
		{20B894C9-CB40-42BC-A519-85D811E4BDD2}.Release|Any CPU.ActiveCfg = Release|Any CPU
		{20B894C9-CB40-42BC-A519-85D811E4BDD2}.Release|Any CPU.Build.0 = Release|Any CPU
	EndGlobalSection
	GlobalSection(SolutionProperties) = preSolution
		HideSolutionNode = FALSE
	EndGlobalSection
	GlobalSection(ExtensibilityGlobals) = postSolution
		SolutionGuid = {78C20CDA-9D84-4B6A-BD3B-8FBBB4DBFFED}
	EndGlobalSection
EndGlobal
